
Microsoft Visual Studio Solution File, Format Version 12.00
# Visual Studio 15
VisualStudioVersion = 15.0.26430.6
MinimumVisualStudioVersion = 10.0.40219.1
Project("{9A19103F-16F7-4668-BE54-9A1E7A4F7556}") = "JoshuaKearney.FileSystem", "src\JoshuaKearney.FileSystem\JoshuaKearney.FileSystem.csproj", "{BEC0B780-53F4-4E9A-B156-35ADCAC9F94D}"
EndProject
Project("{FAE04EC0-301F-11D3-BF4B-00C04F79EFBC}") = "JoshuaKearney.FileSystem.Tests", "src\JoshuaKearney.FileSystem.Tests\JoshuaKearney.FileSystem.Tests.csproj", "{DAFA8B14-2C92-454F-BFF6-49EE0BE32F4B}"
EndProject
Global
	GlobalSection(SolutionConfigurationPlatforms) = preSolution
		Debug|Any CPU = Debug|Any CPU
		Release|Any CPU = Release|Any CPU
	EndGlobalSection
	GlobalSection(ProjectConfigurationPlatforms) = postSolution
		{BEC0B780-53F4-4E9A-B156-35ADCAC9F94D}.Debug|Any CPU.ActiveCfg = Debug|Any CPU
		{BEC0B780-53F4-4E9A-B156-35ADCAC9F94D}.Debug|Any CPU.Build.0 = Debug|Any CPU
		{BEC0B780-53F4-4E9A-B156-35ADCAC9F94D}.Release|Any CPU.ActiveCfg = Release|Any CPU
		{BEC0B780-53F4-4E9A-B156-35ADCAC9F94D}.Release|Any CPU.Build.0 = Release|Any CPU
		{DAFA8B14-2C92-454F-BFF6-49EE0BE32F4B}.Debug|Any CPU.ActiveCfg = Debug|Any CPU
		{DAFA8B14-2C92-454F-BFF6-49EE0BE32F4B}.Debug|Any CPU.Build.0 = Debug|Any CPU
		{DAFA8B14-2C92-454F-BFF6-49EE0BE32F4B}.Release|Any CPU.ActiveCfg = Release|Any CPU
		{DAFA8B14-2C92-454F-BFF6-49EE0BE32F4B}.Release|Any CPU.Build.0 = Release|Any CPU
	EndGlobalSection
	GlobalSection(SolutionProperties) = preSolution
		HideSolutionNode = FALSE
	EndGlobalSection
EndGlobal
